{
	"name": "@myy-cli-dev/utils",
	"version": "1.0.2",
	"lockfileVersion": 1,
	"requires": true,
	"dependencies": {
		"myy-base": {
			"version": "1.0.0",
			"resolved": "https://registry.npm.taobao.org/myy-base/download/myy-base-1.0.0.tgz?cache=0&sync_timestamp=1610554097792&other_urls=https%3A%2F%2Fregistry.npm.taobao.org%2Fmyy-base%2Fdownload%2Fmyy-base-1.0.0.tgz",
			"integrity": "sha1-Q4QZdedyPpqS/x8vpmnftkTc9XE="
		}
	}
}
